// !$*UTF8*$!
{
	archiveVersion = 1;
	classes = {
	};
	objectVersion = 55;
	objects = {

/* Begin PBXBuildFile section */
		535EE6A8272B129A0040B51A /* CryptoApp.swift in Sources */ = {isa = PBXBuildFile; fileRef = 535EE6A7272B129A0040B51A /* CryptoApp.swift */; };
		535EE6AC272B129C0040B51A /* Assets.xcassets in Resources */ = {isa = PBXBuildFile; fileRef = 535EE6AB272B129C0040B51A /* Assets.xcassets */; };
		535EE6AF272B129C0040B51A /* Preview Assets.xcassets in Resources */ = {isa = PBXBuildFile; fileRef = 535EE6AE272B129C0040B51A /* Preview Assets.xcassets */; };
		535EE6B9272B129D0040B51A /* CryptoTests.swift in Sources */ = {isa = PBXBuildFile; fileRef = 535EE6B8272B129D0040B51A /* CryptoTests.swift */; };
		535EE6C3272B129D0040B51A /* CryptoUITests.swift in Sources */ = {isa = PBXBuildFile; fileRef = 535EE6C2272B129D0040B51A /* CryptoUITests.swift */; };
		535EE6C5272B129D0040B51A /* CryptoUITestsLaunchTests.swift in Sources */ = {isa = PBXBuildFile; fileRef = 535EE6C4272B129D0040B51A /* CryptoUITestsLaunchTests.swift */; };
		535EE6D3272B14BE0040B51A /* ColorTheme.swift in Sources */ = {isa = PBXBuildFile; fileRef = 535EE6D2272B14BE0040B51A /* ColorTheme.swift */; };
		535EE6D6272B15C20040B51A /* Color+Extensions.swift in Sources */ = {isa = PBXBuildFile; fileRef = 535EE6D5272B15C20040B51A /* Color+Extensions.swift */; };
		535EE6DE272B190F0040B51A /* HomeView.swift in Sources */ = {isa = PBXBuildFile; fileRef = 535EE6DD272B190F0040B51A /* HomeView.swift */; };
		535EE6E1272B1CE40040B51A /* CircleButtonView.swift in Sources */ = {isa = PBXBuildFile; fileRef = 535EE6E0272B1CE40040B51A /* CircleButtonView.swift */; };
		535EE6E3272B277D0040B51A /* CircleButtonAnimationView.swift in Sources */ = {isa = PBXBuildFile; fileRef = 535EE6E2272B277D0040B51A /* CircleButtonAnimationView.swift */; };
		535EE6E6272C02CF0040B51A /* Coin.swift in Sources */ = {isa = PBXBuildFile; fileRef = 535EE6E5272C02CF0040B51A /* Coin.swift */; };
		535EE6E8272C10470040B51A /* CointRowView.swift in Sources */ = {isa = PBXBuildFile; fileRef = 535EE6E7272C10470040B51A /* CointRowView.swift */; };
		535EE6EA272C136E0040B51A /* PreviewProvider+Extensions.swift in Sources */ = {isa = PBXBuildFile; fileRef = 535EE6E9272C136E0040B51A /* PreviewProvider+Extensions.swift */; };
/* End PBXBuildFile section */

/* Begin PBXContainerItemProxy section */
		535EE6B5272B129D0040B51A /* PBXContainerItemProxy */ = {
			isa = PBXContainerItemProxy;
			containerPortal = 535EE69C272B129A0040B51A /* Project object */;
			proxyType = 1;
			remoteGlobalIDString = 535EE6A3272B129A0040B51A;
			remoteInfo = Crypto;
		};
		535EE6BF272B129D0040B51A /* PBXContainerItemProxy */ = {
			isa = PBXContainerItemProxy;
			containerPortal = 535EE69C272B129A0040B51A /* Project object */;
			proxyType = 1;
			remoteGlobalIDString = 535EE6A3272B129A0040B51A;
			remoteInfo = Crypto;
		};
/* End PBXContainerItemProxy section */

/* Begin PBXFileReference section */
		535EE6A4272B129A0040B51A /* Crypto.app */ = {isa = PBXFileReference; explicitFileType = wrapper.application; includeInIndex = 0; path = Crypto.app; sourceTree = BUILT_PRODUCTS_DIR; };
		535EE6A7272B129A0040B51A /* CryptoApp.swift */ = {isa = PBXFileReference; lastKnownFileType = sourcecode.swift; path = CryptoApp.swift; sourceTree = "<group>"; };
		535EE6AB272B129C0040B51A /* Assets.xcassets */ = {isa = PBXFileReference; lastKnownFileType = folder.assetcatalog; path = Assets.xcassets; sourceTree = "<group>"; };
		535EE6AE272B129C0040B51A /* Preview Assets.xcassets */ = {isa = PBXFileReference; lastKnownFileType = folder.assetcatalog; path = "Preview Assets.xcassets"; sourceTree = "<group>"; };
		535EE6B4272B129D0040B51A /* CryptoTests.xctest */ = {isa = PBXFileReference; explicitFileType = wrapper.cfbundle; includeInIndex = 0; path = CryptoTests.xctest; sourceTree = BUILT_PRODUCTS_DIR; };
		535EE6B8272B129D0040B51A /* CryptoTests.swift */ = {isa = PBXFileReference; lastKnownFileType = sourcecode.swift; path = CryptoTests.swift; sourceTree = "<group>"; };
		535EE6BE272B129D0040B51A /* CryptoUITests.xctest */ = {isa = PBXFileReference; explicitFileType = wrapper.cfbundle; includeInIndex = 0; path = CryptoUITests.xctest; sourceTree = BUILT_PRODUCTS_DIR; };
		535EE6C2272B129D0040B51A /* CryptoUITests.swift */ = {isa = PBXFileReference; lastKnownFileType = sourcecode.swift; path = CryptoUITests.swift; sourceTree = "<group>"; };
		535EE6C4272B129D0040B51A /* CryptoUITestsLaunchTests.swift */ = {isa = PBXFileReference; lastKnownFileType = sourcecode.swift; path = CryptoUITestsLaunchTests.swift; sourceTree = "<group>"; };
		535EE6D2272B14BE0040B51A /* ColorTheme.swift */ = {isa = PBXFileReference; lastKnownFileType = sourcecode.swift; path = ColorTheme.swift; sourceTree = "<group>"; };
		535EE6D5272B15C20040B51A /* Color+Extensions.swift */ = {isa = PBXFileReference; lastKnownFileType = sourcecode.swift; path = "Color+Extensions.swift"; sourceTree = "<group>"; };
		535EE6DD272B190F0040B51A /* HomeView.swift */ = {isa = PBXFileReference; lastKnownFileType = sourcecode.swift; path = HomeView.swift; sourceTree = "<group>"; };
		535EE6E0272B1CE40040B51A /* CircleButtonView.swift */ = {isa = PBXFileReference; lastKnownFileType = sourcecode.swift; path = CircleButtonView.swift; sourceTree = "<group>"; };
		535EE6E2272B277D0040B51A /* CircleButtonAnimationView.swift */ = {isa = PBXFileReference; lastKnownFileType = sourcecode.swift; path = CircleButtonAnimationView.swift; sourceTree = "<group>"; };
		535EE6E5272C02CF0040B51A /* Coin.swift */ = {isa = PBXFileReference; lastKnownFileType = sourcecode.swift; path = Coin.swift; sourceTree = "<group>"; };
		535EE6E7272C10470040B51A /* CointRowView.swift */ = {isa = PBXFileReference; lastKnownFileType = sourcecode.swift; path = CointRowView.swift; sourceTree = "<group>"; };
		535EE6E9272C136E0040B51A /* PreviewProvider+Extensions.swift */ = {isa = PBXFileReference; lastKnownFileType = sourcecode.swift; path = "PreviewProvider+Extensions.swift"; sourceTree = "<group>"; };
/* End PBXFileReference section */

/* Begin PBXFrameworksBuildPhase section */
		535EE6A1272B129A0040B51A /* Frameworks */ = {
			isa = PBXFrameworksBuildPhase;
			buildActionMask = 2147483647;
			files = (
			);
			runOnlyForDeploymentPostprocessing = 0;
		};
		535EE6B1272B129D0040B51A /* Frameworks */ = {
			isa = PBXFrameworksBuildPhase;
			buildActionMask = 2147483647;
			files = (
			);
			runOnlyForDeploymentPostprocessing = 0;
		};
		535EE6BB272B129D0040B51A /* Frameworks */ = {
			isa = PBXFrameworksBuildPhase;
			buildActionMask = 2147483647;
			files = (
			);
			runOnlyForDeploymentPostprocessing = 0;
		};
/* End PBXFrameworksBuildPhase section */

/* Begin PBXGroup section */
		535EE69B272B129A0040B51A = {
			isa = PBXGroup;
			children = (
				535EE6A6272B129A0040B51A /* Crypto */,
				535EE6B7272B129D0040B51A /* CryptoTests */,
				535EE6C1272B129D0040B51A /* CryptoUITests */,
				535EE6A5272B129A0040B51A /* Products */,
			);
			sourceTree = "<group>";
		};
		535EE6A5272B129A0040B51A /* Products */ = {
			isa = PBXGroup;
			children = (
				535EE6A4272B129A0040B51A /* Crypto.app */,
				535EE6B4272B129D0040B51A /* CryptoTests.xctest */,
				535EE6BE272B129D0040B51A /* CryptoUITests.xctest */,
			);
			name = Products;
			sourceTree = "<group>";
		};
		535EE6A6272B129A0040B51A /* Crypto */ = {
			isa = PBXGroup;
			children = (
				535EE6A7272B129A0040B51A /* CryptoApp.swift */,
				535EE6E4272C02BC0040B51A /* Models */,
				535EE6D4272B15AB0040B51A /* Extensions */,
				535EE6D1272B14AA0040B51A /* Styling */,
				535EE6D7272B183A0040B51A /* Core */,
				535EE6AB272B129C0040B51A /* Assets.xcassets */,
				535EE6AD272B129C0040B51A /* Preview Content */,
			);
			path = Crypto;
			sourceTree = "<group>";
		};
		535EE6AD272B129C0040B51A /* Preview Content */ = {
			isa = PBXGroup;
			children = (
				535EE6AE272B129C0040B51A /* Preview Assets.xcassets */,
			);
			path = "Preview Content";
			sourceTree = "<group>";
		};
		535EE6B7272B129D0040B51A /* CryptoTests */ = {
			isa = PBXGroup;
			children = (
				535EE6B8272B129D0040B51A /* CryptoTests.swift */,
			);
			path = CryptoTests;
			sourceTree = "<group>";
		};
		535EE6C1272B129D0040B51A /* CryptoUITests */ = {
			isa = PBXGroup;
			children = (
				535EE6C2272B129D0040B51A /* CryptoUITests.swift */,
				535EE6C4272B129D0040B51A /* CryptoUITestsLaunchTests.swift */,
			);
			path = CryptoUITests;
			sourceTree = "<group>";
		};
		535EE6D1272B14AA0040B51A /* Styling */ = {
			isa = PBXGroup;
			children = (
				535EE6D2272B14BE0040B51A /* ColorTheme.swift */,
			);
			path = Styling;
			sourceTree = "<group>";
		};
		535EE6D4272B15AB0040B51A /* Extensions */ = {
			isa = PBXGroup;
			children = (
				535EE6D5272B15C20040B51A /* Color+Extensions.swift */,
				535EE6E9272C136E0040B51A /* PreviewProvider+Extensions.swift */,
			);
			path = Extensions;
			sourceTree = "<group>";
		};
		535EE6D7272B183A0040B51A /* Core */ = {
			isa = PBXGroup;
			children = (
				535EE6DF272B1CA30040B51A /* Components */,
				535EE6D8272B185D0040B51A /* Home */,
			);
			path = Core;
			sourceTree = "<group>";
		};
		535EE6D8272B185D0040B51A /* Home */ = {
			isa = PBXGroup;
			children = (
				535EE6DB272B18BE0040B51A /* Views */,
				535EE6DC272B18C70040B51A /* ViewModels */,
			);
			path = Home;
			sourceTree = "<group>";
		};
		535EE6DB272B18BE0040B51A /* Views */ = {
			isa = PBXGroup;
			children = (
				535EE6DD272B190F0040B51A /* HomeView.swift */,
				535EE6E7272C10470040B51A /* CointRowView.swift */,
			);
			path = Views;
			sourceTree = "<group>";
		};
		535EE6DC272B18C70040B51A /* ViewModels */ = {
			isa = PBXGroup;
			children = (
			);
			path = ViewModels;
			sourceTree = "<group>";
		};
		535EE6DF272B1CA30040B51A /* Components */ = {
			isa = PBXGroup;
			children = (
				535EE6E0272B1CE40040B51A /* CircleButtonView.swift */,
				535EE6E2272B277D0040B51A /* CircleButtonAnimationView.swift */,
			);
			path = Components;
			sourceTree = "<group>";
		};
		535EE6E4272C02BC0040B51A /* Models */ = {
			isa = PBXGroup;
			children = (
				535EE6E5272C02CF0040B51A /* Coin.swift */,
			);
			path = Models;
			sourceTree = "<group>";
		};
/* End PBXGroup section */

/* Begin PBXNativeTarget section */
		535EE6A3272B129A0040B51A /* Crypto */ = {
			isa = PBXNativeTarget;
			buildConfigurationList = 535EE6C8272B129D0040B51A /* Build configuration list for PBXNativeTarget "Crypto" */;
			buildPhases = (
				535EE6A0272B129A0040B51A /* Sources */,
				535EE6A1272B129A0040B51A /* Frameworks */,
				535EE6A2272B129A0040B51A /* Resources */,
			);
			buildRules = (
			);
			dependencies = (
			);
			name = Crypto;
			productName = Crypto;
			productReference = 535EE6A4272B129A0040B51A /* Crypto.app */;
			productType = "com.apple.product-type.application";
		};
		535EE6B3272B129D0040B51A /* CryptoTests */ = {
			isa = PBXNativeTarget;
			buildConfigurationList = 535EE6CB272B129D0040B51A /* Build configuration list for PBXNativeTarget "CryptoTests" */;
			buildPhases = (
				535EE6B0272B129D0040B51A /* Sources */,
				535EE6B1272B129D0040B51A /* Frameworks */,
				535EE6B2272B129D0040B51A /* Resources */,
			);
			buildRules = (
			);
			dependencies = (
				535EE6B6272B129D0040B51A /* PBXTargetDependency */,
			);
			name = CryptoTests;
			productName = CryptoTests;
			productReference = 535EE6B4272B129D0040B51A /* CryptoTests.xctest */;
			productType = "com.apple.product-type.bundle.unit-test";
		};
		535EE6BD272B129D0040B51A /* CryptoUITests */ = {
			isa = PBXNativeTarget;
			buildConfigurationList = 535EE6CE272B129D0040B51A /* Build configuration list for PBXNativeTarget "CryptoUITests" */;
			buildPhases = (
				535EE6BA272B129D0040B51A /* Sources */,
				535EE6BB272B129D0040B51A /* Frameworks */,
				535EE6BC272B129D0040B51A /* Resources */,
			);
			buildRules = (
			);
			dependencies = (
				535EE6C0272B129D0040B51A /* PBXTargetDependency */,
			);
			name = CryptoUITests;
			productName = CryptoUITests;
			productReference = 535EE6BE272B129D0040B51A /* CryptoUITests.xctest */;
			productType = "com.apple.product-type.bundle.ui-testing";
		};
/* End PBXNativeTarget section */

/* Begin PBXProject section */
		535EE69C272B129A0040B51A /* Project object */ = {
			isa = PBXProject;
			attributes = {
				BuildIndependentTargetsInParallel = 1;
				LastSwiftUpdateCheck = 1300;
				LastUpgradeCheck = 1300;
				TargetAttributes = {
					535EE6A3272B129A0040B51A = {
						CreatedOnToolsVersion = 13.0;
					};
					535EE6B3272B129D0040B51A = {
						CreatedOnToolsVersion = 13.0;
						TestTargetID = 535EE6A3272B129A0040B51A;
					};
					535EE6BD272B129D0040B51A = {
						CreatedOnToolsVersion = 13.0;
						TestTargetID = 535EE6A3272B129A0040B51A;
					};
				};
			};
			buildConfigurationList = 535EE69F272B129A0040B51A /* Build configuration list for PBXProject "Crypto" */;
			compatibilityVersion = "Xcode 13.0";
			developmentRegion = en;
			hasScannedForEncodings = 0;
			knownRegions = (
				en,
				Base,
			);
			mainGroup = 535EE69B272B129A0040B51A;
			productRefGroup = 535EE6A5272B129A0040B51A /* Products */;
			projectDirPath = "";
			projectRoot = "";
			targets = (
				535EE6A3272B129A0040B51A /* Crypto */,
				535EE6B3272B129D0040B51A /* CryptoTests */,
				535EE6BD272B129D0040B51A /* CryptoUITests */,
			);
		};
/* End PBXProject section */

/* Begin PBXResourcesBuildPhase section */
		535EE6A2272B129A0040B51A /* Resources */ = {
			isa = PBXResourcesBuildPhase;
			buildActionMask = 2147483647;
			files = (
				535EE6AF272B129C0040B51A /* Preview Assets.xcassets in Resources */,
				535EE6AC272B129C0040B51A /* Assets.xcassets in Resources */,
			);
			runOnlyForDeploymentPostprocessing = 0;
		};
		535EE6B2272B129D0040B51A /* Resources */ = {
			isa = PBXResourcesBuildPhase;
			buildActionMask = 2147483647;
			files = (
			);
			runOnlyForDeploymentPostprocessing = 0;
		};
		535EE6BC272B129D0040B51A /* Resources */ = {
			isa = PBXResourcesBuildPhase;
			buildActionMask = 2147483647;
			files = (
			);
			runOnlyForDeploymentPostprocessing = 0;
		};
/* End PBXResourcesBuildPhase section */

/* Begin PBXSourcesBuildPhase section */
		535EE6A0272B129A0040B51A /* Sources */ = {
			isa = PBXSourcesBuildPhase;
			buildActionMask = 2147483647;
			files = (
				535EE6D3272B14BE0040B51A /* ColorTheme.swift in Sources */,
				535EE6A8272B129A0040B51A /* CryptoApp.swift in Sources */,
				535EE6DE272B190F0040B51A /* HomeView.swift in Sources */,
				535EE6E1272B1CE40040B51A /* CircleButtonView.swift in Sources */,
				535EE6D6272B15C20040B51A /* Color+Extensions.swift in Sources */,
				535EE6EA272C136E0040B51A /* PreviewProvider+Extensions.swift in Sources */,
				535EE6E8272C10470040B51A /* CointRowView.swift in Sources */,
				535EE6E3272B277D0040B51A /* CircleButtonAnimationView.swift in Sources */,
				535EE6E6272C02CF0040B51A /* Coin.swift in Sources */,
			);
			runOnlyForDeploymentPostprocessing = 0;
		};
		535EE6B0272B129D0040B51A /* Sources */ = {
			isa = PBXSourcesBuildPhase;
			buildActionMask = 2147483647;
			files = (
				535EE6B9272B129D0040B51A /* CryptoTests.swift in Sources */,
			);
			runOnlyForDeploymentPostprocessing = 0;
		};
		535EE6BA272B129D0040B51A /* Sources */ = {
			isa = PBXSourcesBuildPhase;
			buildActionMask = 2147483647;
			files = (
				535EE6C3272B129D0040B51A /* CryptoUITests.swift in Sources */,
				535EE6C5272B129D0040B51A /* CryptoUITestsLaunchTests.swift in Sources */,
			);
			runOnlyForDeploymentPostprocessing = 0;
		};
/* End PBXSourcesBuildPhase section */

/* Begin PBXTargetDependency section */
		535EE6B6272B129D0040B51A /* PBXTargetDependency */ = {
			isa = PBXTargetDependency;
			target = 535EE6A3272B129A0040B51A /* Crypto */;
			targetProxy = 535EE6B5272B129D0040B51A /* PBXContainerItemProxy */;
		};
		535EE6C0272B129D0040B51A /* PBXTargetDependency */ = {
			isa = PBXTargetDependency;
			target = 535EE6A3272B129A0040B51A /* Crypto */;
			targetProxy = 535EE6BF272B129D0040B51A /* PBXContainerItemProxy */;
		};
/* End PBXTargetDependency section */

/* Begin XCBuildConfiguration section */
		535EE6C6272B129D0040B51A /* Debug */ = {
			isa = XCBuildConfiguration;
			buildSettings = {
				ALWAYS_SEARCH_USER_PATHS = NO;
				CLANG_ANALYZER_NONNULL = YES;
				CLANG_ANALYZER_NUMBER_OBJECT_CONVERSION = YES_AGGRESSIVE;
				CLANG_CXX_LANGUAGE_STANDARD = "gnu++17";
				CLANG_CXX_LIBRARY = "libc++";
				CLANG_ENABLE_MODULES = YES;
				CLANG_ENABLE_OBJC_ARC = YES;
				CLANG_ENABLE_OBJC_WEAK = YES;
				CLANG_WARN_BLOCK_CAPTURE_AUTORELEASING = YES;
				CLANG_WARN_BOOL_CONVERSION = YES;
				CLANG_WARN_COMMA = YES;
				CLANG_WARN_CONSTANT_CONVERSION = YES;
				CLANG_WARN_DEPRECATED_OBJC_IMPLEMENTATIONS = YES;
				CLANG_WARN_DIRECT_OBJC_ISA_USAGE = YES_ERROR;
				CLANG_WARN_DOCUMENTATION_COMMENTS = YES;
				CLANG_WARN_EMPTY_BODY = YES;
				CLANG_WARN_ENUM_CONVERSION = YES;
				CLANG_WARN_INFINITE_RECURSION = YES;
				CLANG_WARN_INT_CONVERSION = YES;
				CLANG_WARN_NON_LITERAL_NULL_CONVERSION = YES;
				CLANG_WARN_OBJC_IMPLICIT_RETAIN_SELF = YES;
				CLANG_WARN_OBJC_LITERAL_CONVERSION = YES;
				CLANG_WARN_OBJC_ROOT_CLASS = YES_ERROR;
				CLANG_WARN_QUOTED_INCLUDE_IN_FRAMEWORK_HEADER = YES;
				CLANG_WARN_RANGE_LOOP_ANALYSIS = YES;
				CLANG_WARN_STRICT_PROTOTYPES = YES;
				CLANG_WARN_SUSPICIOUS_MOVE = YES;
				CLANG_WARN_UNGUARDED_AVAILABILITY = YES_AGGRESSIVE;
				CLANG_WARN_UNREACHABLE_CODE = YES;
				CLANG_WARN__DUPLICATE_METHOD_MATCH = YES;
				COPY_PHASE_STRIP = NO;
				DEBUG_INFORMATION_FORMAT = dwarf;
				ENABLE_STRICT_OBJC_MSGSEND = YES;
				ENABLE_TESTABILITY = YES;
				GCC_C_LANGUAGE_STANDARD = gnu11;
				GCC_DYNAMIC_NO_PIC = NO;
				GCC_NO_COMMON_BLOCKS = YES;
				GCC_OPTIMIZATION_LEVEL = 0;
				GCC_PREPROCESSOR_DEFINITIONS = (
					"DEBUG=1",
					"$(inherited)",
				);
				GCC_WARN_64_TO_32_BIT_CONVERSION = YES;
				GCC_WARN_ABOUT_RETURN_TYPE = YES_ERROR;
				GCC_WARN_UNDECLARED_SELECTOR = YES;
				GCC_WARN_UNINITIALIZED_AUTOS = YES_AGGRESSIVE;
				GCC_WARN_UNUSED_FUNCTION = YES;
				GCC_WARN_UNUSED_VARIABLE = YES;
				IPHONEOS_DEPLOYMENT_TARGET = 15.0;
				MTL_ENABLE_DEBUG_INFO = INCLUDE_SOURCE;
				MTL_FAST_MATH = YES;
				ONLY_ACTIVE_ARCH = YES;
				SDKROOT = iphoneos;
				SWIFT_ACTIVE_COMPILATION_CONDITIONS = DEBUG;
				SWIFT_OPTIMIZATION_LEVEL = "-Onone";
			};
			name = Debug;
		};
		535EE6C7272B129D0040B51A /* Release */ = {
			isa = XCBuildConfiguration;
			buildSettings = {
				ALWAYS_SEARCH_USER_PATHS = NO;
				CLANG_ANALYZER_NONNULL = YES;
				CLANG_ANALYZER_NUMBER_OBJECT_CONVERSION = YES_AGGRESSIVE;
				CLANG_CXX_LANGUAGE_STANDARD = "gnu++17";
				CLANG_CXX_LIBRARY = "libc++";
				CLANG_ENABLE_MODULES = YES;
				CLANG_ENABLE_OBJC_ARC = YES;
				CLANG_ENABLE_OBJC_WEAK = YES;
				CLANG_WARN_BLOCK_CAPTURE_AUTORELEASING = YES;
				CLANG_WARN_BOOL_CONVERSION = YES;
				CLANG_WARN_COMMA = YES;
				CLANG_WARN_CONSTANT_CONVERSION = YES;
				CLANG_WARN_DEPRECATED_OBJC_IMPLEMENTATIONS = YES;
				CLANG_WARN_DIRECT_OBJC_ISA_USAGE = YES_ERROR;
				CLANG_WARN_DOCUMENTATION_COMMENTS = YES;
				CLANG_WARN_EMPTY_BODY = YES;
				CLANG_WARN_ENUM_CONVERSION = YES;
				CLANG_WARN_INFINITE_RECURSION = YES;
				CLANG_WARN_INT_CONVERSION = YES;
				CLANG_WARN_NON_LITERAL_NULL_CONVERSION = YES;
				CLANG_WARN_OBJC_IMPLICIT_RETAIN_SELF = YES;
				CLANG_WARN_OBJC_LITERAL_CONVERSION = YES;
				CLANG_WARN_OBJC_ROOT_CLASS = YES_ERROR;
				CLANG_WARN_QUOTED_INCLUDE_IN_FRAMEWORK_HEADER = YES;
				CLANG_WARN_RANGE_LOOP_ANALYSIS = YES;
				CLANG_WARN_STRICT_PROTOTYPES = YES;
				CLANG_WARN_SUSPICIOUS_MOVE = YES;
				CLANG_WARN_UNGUARDED_AVAILABILITY = YES_AGGRESSIVE;
				CLANG_WARN_UNREACHABLE_CODE = YES;
				CLANG_WARN__DUPLICATE_METHOD_MATCH = YES;
				COPY_PHASE_STRIP = NO;
				DEBUG_INFORMATION_FORMAT = "dwarf-with-dsym";
				ENABLE_NS_ASSERTIONS = NO;
				ENABLE_STRICT_OBJC_MSGSEND = YES;
				GCC_C_LANGUAGE_STANDARD = gnu11;
				GCC_NO_COMMON_BLOCKS = YES;
				GCC_WARN_64_TO_32_BIT_CONVERSION = YES;
				GCC_WARN_ABOUT_RETURN_TYPE = YES_ERROR;
				GCC_WARN_UNDECLARED_SELECTOR = YES;
				GCC_WARN_UNINITIALIZED_AUTOS = YES_AGGRESSIVE;
				GCC_WARN_UNUSED_FUNCTION = YES;
				GCC_WARN_UNUSED_VARIABLE = YES;
				IPHONEOS_DEPLOYMENT_TARGET = 15.0;
				MTL_ENABLE_DEBUG_INFO = NO;
				MTL_FAST_MATH = YES;
				SDKROOT = iphoneos;
				SWIFT_COMPILATION_MODE = wholemodule;
				SWIFT_OPTIMIZATION_LEVEL = "-O";
				VALIDATE_PRODUCT = YES;
			};
			name = Release;
		};
		535EE6C9272B129D0040B51A /* Debug */ = {
			isa = XCBuildConfiguration;
			buildSettings = {
				ASSETCATALOG_COMPILER_APPICON_NAME = AppIcon;
				ASSETCATALOG_COMPILER_GLOBAL_ACCENT_COLOR_NAME = AccentColor;
				CODE_SIGN_STYLE = Automatic;
				CURRENT_PROJECT_VERSION = 1;
				DEVELOPMENT_ASSET_PATHS = "\"Crypto/Preview Content\"";
				DEVELOPMENT_TEAM = Q4783BNZ95;
				ENABLE_PREVIEWS = YES;
				GENERATE_INFOPLIST_FILE = YES;
				INFOPLIST_KEY_UIApplicationSceneManifest_Generation = YES;
				INFOPLIST_KEY_UIApplicationSupportsIndirectInputEvents = YES;
				INFOPLIST_KEY_UILaunchScreen_Generation = YES;
				INFOPLIST_KEY_UISupportedInterfaceOrientations_iPad = "UIInterfaceOrientationPortrait UIInterfaceOrientationPortraitUpsideDown UIInterfaceOrientationLandscapeLeft UIInterfaceOrientationLandscapeRight";
				INFOPLIST_KEY_UISupportedInterfaceOrientations_iPhone = "UIInterfaceOrientationPortrait UIInterfaceOrientationLandscapeLeft UIInterfaceOrientationLandscapeRight";
				IPHONEOS_DEPLOYMENT_TARGET = 14.0;
				LD_RUNPATH_SEARCH_PATHS = (
					"$(inherited)",
					"@executable_path/Frameworks",
				);
				MARKETING_VERSION = 1.0;
				PRODUCT_BUNDLE_IDENTIFIER = com.keith27.Crypto;
				PRODUCT_NAME = "$(TARGET_NAME)";
				SWIFT_EMIT_LOC_STRINGS = YES;
				SWIFT_VERSION = 5.0;
				TARGETED_DEVICE_FAMILY = "1,2";
			};
			name = Debug;
		};
		535EE6CA272B129D0040B51A /* Release */ = {
			isa = XCBuildConfiguration;
			buildSettings = {
				ASSETCATALOG_COMPILER_APPICON_NAME = AppIcon;
				ASSETCATALOG_COMPILER_GLOBAL_ACCENT_COLOR_NAME = AccentColor;
				CODE_SIGN_STYLE = Automatic;
				CURRENT_PROJECT_VERSION = 1;
				DEVELOPMENT_ASSET_PATHS = "\"Crypto/Preview Content\"";
				DEVELOPMENT_TEAM = Q4783BNZ95;
				ENABLE_PREVIEWS = YES;
				GENERATE_INFOPLIST_FILE = YES;
				INFOPLIST_KEY_UIApplicationSceneManifest_Generation = YES;
				INFOPLIST_KEY_UIApplicationSupportsIndirectInputEvents = YES;
				INFOPLIST_KEY_UILaunchScreen_Generation = YES;
				INFOPLIST_KEY_UISupportedInterfaceOrientations_iPad = "UIInterfaceOrientationPortrait UIInterfaceOrientationPortraitUpsideDown UIInterfaceOrientationLandscapeLeft UIInterfaceOrientationLandscapeRight";
				INFOPLIST_KEY_UISupportedInterfaceOrientations_iPhone = "UIInterfaceOrientationPortrait UIInterfaceOrientationLandscapeLeft UIInterfaceOrientationLandscapeRight";
				IPHONEOS_DEPLOYMENT_TARGET = 14.0;
				LD_RUNPATH_SEARCH_PATHS = (
					"$(inherited)",
					"@executable_path/Frameworks",
				);
				MARKETING_VERSION = 1.0;
				PRODUCT_BUNDLE_IDENTIFIER = com.keith27.Crypto;
				PRODUCT_NAME = "$(TARGET_NAME)";
				SWIFT_EMIT_LOC_STRINGS = YES;
				SWIFT_VERSION = 5.0;
				TARGETED_DEVICE_FAMILY = "1,2";
			};
			name = Release;
		};
		535EE6CC272B129D0040B51A /* Debug */ = {
			isa = XCBuildConfiguration;
			buildSettings = {
				ALWAYS_EMBED_SWIFT_STANDARD_LIBRARIES = YES;
				BUNDLE_LOADER = "$(TEST_HOST)";
				CODE_SIGN_STYLE = Automatic;
				CURRENT_PROJECT_VERSION = 1;
				DEVELOPMENT_TEAM = Q4783BNZ95;
				GENERATE_INFOPLIST_FILE = YES;
				IPHONEOS_DEPLOYMENT_TARGET = 14.0;
				LD_RUNPATH_SEARCH_PATHS = (
					"$(inherited)",
					"@executable_path/Frameworks",
					"@loader_path/Frameworks",
				);
				MARKETING_VERSION = 1.0;
				PRODUCT_BUNDLE_IDENTIFIER = com.keith27.CryptoTests;
				PRODUCT_NAME = "$(TARGET_NAME)";
				SWIFT_EMIT_LOC_STRINGS = NO;
				SWIFT_VERSION = 5.0;
				TARGETED_DEVICE_FAMILY = "1,2";
				TEST_HOST = "$(BUILT_PRODUCTS_DIR)/Crypto.app/Crypto";
			};
			name = Debug;
		};
		535EE6CD272B129D0040B51A /* Release */ = {
			isa = XCBuildConfiguration;
			buildSettings = {
				ALWAYS_EMBED_SWIFT_STANDARD_LIBRARIES = YES;
				BUNDLE_LOADER = "$(TEST_HOST)";
				CODE_SIGN_STYLE = Automatic;
				CURRENT_PROJECT_VERSION = 1;
				DEVELOPMENT_TEAM = Q4783BNZ95;
				GENERATE_INFOPLIST_FILE = YES;
				IPHONEOS_DEPLOYMENT_TARGET = 14.0;
				LD_RUNPATH_SEARCH_PATHS = (
					"$(inherited)",
					"@executable_path/Frameworks",
					"@loader_path/Frameworks",
				);
				MARKETING_VERSION = 1.0;
				PRODUCT_BUNDLE_IDENTIFIER = com.keith27.CryptoTests;
				PRODUCT_NAME = "$(TARGET_NAME)";
				SWIFT_EMIT_LOC_STRINGS = NO;
				SWIFT_VERSION = 5.0;
				TARGETED_DEVICE_FAMILY = "1,2";
				TEST_HOST = "$(BUILT_PRODUCTS_DIR)/Crypto.app/Crypto";
			};
			name = Release;
		};
		535EE6CF272B129D0040B51A /* Debug */ = {
			isa = XCBuildConfiguration;
			buildSettings = {
				ALWAYS_EMBED_SWIFT_STANDARD_LIBRARIES = YES;
				CODE_SIGN_STYLE = Automatic;
				CURRENT_PROJECT_VERSION = 1;
				DEVELOPMENT_TEAM = Q4783BNZ95;
				GENERATE_INFOPLIST_FILE = YES;
				LD_RUNPATH_SEARCH_PATHS = (
					"$(inherited)",
					"@executable_path/Frameworks",
					"@loader_path/Frameworks",
				);
				MARKETING_VERSION = 1.0;
				PRODUCT_BUNDLE_IDENTIFIER = com.keith27.CryptoUITests;
				PRODUCT_NAME = "$(TARGET_NAME)";
				SWIFT_EMIT_LOC_STRINGS = NO;
				SWIFT_VERSION = 5.0;
				TARGETED_DEVICE_FAMILY = "1,2";
				TEST_TARGET_NAME = Crypto;
			};
			name = Debug;
		};
		535EE6D0272B129D0040B51A /* Release */ = {
			isa = XCBuildConfiguration;
			buildSettings = {
				ALWAYS_EMBED_SWIFT_STANDARD_LIBRARIES = YES;
				CODE_SIGN_STYLE = Automatic;
				CURRENT_PROJECT_VERSION = 1;
				DEVELOPMENT_TEAM = Q4783BNZ95;
				GENERATE_INFOPLIST_FILE = YES;
				LD_RUNPATH_SEARCH_PATHS = (
					"$(inherited)",
					"@executable_path/Frameworks",
					"@loader_path/Frameworks",
				);
				MARKETING_VERSION = 1.0;
				PRODUCT_BUNDLE_IDENTIFIER = com.keith27.CryptoUITests;
				PRODUCT_NAME = "$(TARGET_NAME)";
				SWIFT_EMIT_LOC_STRINGS = NO;
				SWIFT_VERSION = 5.0;
				TARGETED_DEVICE_FAMILY = "1,2";
				TEST_TARGET_NAME = Crypto;
			};
			name = Release;
		};
/* End XCBuildConfiguration section */

/* Begin XCConfigurationList section */
		535EE69F272B129A0040B51A /* Build configuration list for PBXProject "Crypto" */ = {
			isa = XCConfigurationList;
			buildConfigurations = (
				535EE6C6272B129D0040B51A /* Debug */,
				535EE6C7272B129D0040B51A /* Release */,
			);
			defaultConfigurationIsVisible = 0;
			defaultConfigurationName = Release;
		};
		535EE6C8272B129D0040B51A /* Build configuration list for PBXNativeTarget "Crypto" */ = {
			isa = XCConfigurationList;
			buildConfigurations = (
				535EE6C9272B129D0040B51A /* Debug */,
				535EE6CA272B129D0040B51A /* Release */,
			);
			defaultConfigurationIsVisible = 0;
			defaultConfigurationName = Release;
		};
		535EE6CB272B129D0040B51A /* Build configuration list for PBXNativeTarget "CryptoTests" */ = {
			isa = XCConfigurationList;
			buildConfigurations = (
				535EE6CC272B129D0040B51A /* Debug */,
				535EE6CD272B129D0040B51A /* Release */,
			);
			defaultConfigurationIsVisible = 0;
			defaultConfigurationName = Release;
		};
		535EE6CE272B129D0040B51A /* Build configuration list for PBXNativeTarget "CryptoUITests" */ = {
			isa = XCConfigurationList;
			buildConfigurations = (
				535EE6CF272B129D0040B51A /* Debug */,
				535EE6D0272B129D0040B51A /* Release */,
			);
			defaultConfigurationIsVisible = 0;
			defaultConfigurationName = Release;
		};
/* End XCConfigurationList section */
	};
	rootObject = 535EE69C272B129A0040B51A /* Project object */;
}
